// !$*UTF8*$!
{
	archiveVersion = 1;
	classes = {
	};
	objectVersion = 55;
	objects = {

/* Begin PBXBuildFile section */
		689E56EC27D1739C00A44C2F /* AppDelegate.swift in Sources */ = {isa = PBXBuildFile; fileRef = 689E56EB27D1739C00A44C2F /* AppDelegate.swift */; };
		689E56EE27D1739C00A44C2F /* SceneDelegate.swift in Sources */ = {isa = PBXBuildFile; fileRef = 689E56ED27D1739C00A44C2F /* SceneDelegate.swift */; };
		689E56F027D1739C00A44C2F /* ColorsViewController.swift in Sources */ = {isa = PBXBuildFile; fileRef = 689E56EF27D1739C00A44C2F /* ColorsViewController.swift */; };
		689E56F327D1739C00A44C2F /* Main.storyboard in Resources */ = {isa = PBXBuildFile; fileRef = 689E56F127D1739C00A44C2F /* Main.storyboard */; };
		689E56F527D1739E00A44C2F /* Assets.xcassets in Resources */ = {isa = PBXBuildFile; fileRef = 689E56F427D1739E00A44C2F /* Assets.xcassets */; };
		689E56F827D1739E00A44C2F /* LaunchScreen.storyboard in Resources */ = {isa = PBXBuildFile; fileRef = 689E56F627D1739E00A44C2F /* LaunchScreen.storyboard */; };
		689E570327D1DD0A00A44C2F /* Cell.swift in Sources */ = {isa = PBXBuildFile; fileRef = 689E570227D1DD0A00A44C2F /* Cell.swift */; };
		689E570727DA9A6300A44C2F /* TextInputViewController.swift in Sources */ = {isa = PBXBuildFile; fileRef = 689E570627DA9A6300A44C2F /* TextInputViewController.swift */; };
		689E570927DA9E6E00A44C2F /* FontsViewController.swift in Sources */ = {isa = PBXBuildFile; fileRef = 689E570827DA9E6E00A44C2F /* FontsViewController.swift */; };
		689E570C27DAAC4100A44C2F /* Batuphat Script.otf in Resources */ = {isa = PBXBuildFile; fileRef = 689E570B27DAA79B00A44C2F /* Batuphat Script.otf */; };
		689E570E27DAACEB00A44C2F /* TheNightWatch.ttf in Resources */ = {isa = PBXBuildFile; fileRef = 689E570D27DAACEB00A44C2F /* TheNightWatch.ttf */; };
		689E571027DAAE3100A44C2F /* Lettown Hills.otf in Resources */ = {isa = PBXBuildFile; fileRef = 689E570F27DAAE3100A44C2F /* Lettown Hills.otf */; };
		689E571227DAAE3A00A44C2F /* Lettown Hills italic.otf in Resources */ = {isa = PBXBuildFile; fileRef = 689E571127DAAE3A00A44C2F /* Lettown Hills italic.otf */; };
		689E571427DAAFB300A44C2F /* Misto.otf in Resources */ = {isa = PBXBuildFile; fileRef = 689E571327DAAFB300A44C2F /* Misto.otf */; };
		689E571627DAC37B00A44C2F /* Pikolo-BlockAltFree.otf in Resources */ = {isa = PBXBuildFile; fileRef = 689E571527DAC37B00A44C2F /* Pikolo-BlockAltFree.otf */; };
		689E571827DAC59500A44C2F /* Kelsi-Regular.otf in Resources */ = {isa = PBXBuildFile; fileRef = 689E571727DAC59500A44C2F /* Kelsi-Regular.otf */; };
		689E571A27DAC59F00A44C2F /* Kelsi-fill.otf in Resources */ = {isa = PBXBuildFile; fileRef = 689E571927DAC59F00A44C2F /* Kelsi-fill.otf */; };
		689E571C27DAC5E300A44C2F /* Quantum.otf in Resources */ = {isa = PBXBuildFile; fileRef = 689E571B27DAC5E300A44C2F /* Quantum.otf */; };
		689E571E27DAC6A300A44C2F /* RedSky.otf in Resources */ = {isa = PBXBuildFile; fileRef = 689E571D27DAC6A300A44C2F /* RedSky.otf */; };
		689E572027DAC6AB00A44C2F /* RedSky Slanted.otf in Resources */ = {isa = PBXBuildFile; fileRef = 689E571F27DAC6AB00A44C2F /* RedSky Slanted.otf */; };
		689E572227DAC75500A44C2F /* Bulletto Killa.ttf in Resources */ = {isa = PBXBuildFile; fileRef = 689E572127DAC75500A44C2F /* Bulletto Killa.ttf */; };
		689E572427DAC8DE00A44C2F /* Parisienne-Regular.ttf in Resources */ = {isa = PBXBuildFile; fileRef = 689E572327DAC8DE00A44C2F /* Parisienne-Regular.ttf */; };
		689E572627DAC94100A44C2F /* PermanentMarker-Regular.ttf in Resources */ = {isa = PBXBuildFile; fileRef = 689E572527DAC94100A44C2F /* PermanentMarker-Regular.ttf */; };
		689E572827DACA4400A44C2F /* Lobster-Regular.ttf in Resources */ = {isa = PBXBuildFile; fileRef = 689E572727DACA4400A44C2F /* Lobster-Regular.ttf */; };
		689E572A27DACA8D00A44C2F /* DancingScript-VariableFont_wght.ttf in Resources */ = {isa = PBXBuildFile; fileRef = 689E572927DACA8D00A44C2F /* DancingScript-VariableFont_wght.ttf */; };
		68BD97E027E1210100EB83AC /* ColorFactory.swift in Sources */ = {isa = PBXBuildFile; fileRef = 68BD97DF27E1210100EB83AC /* ColorFactory.swift */; };
		68BD97E227E132BF00EB83AC /* View.swift in Sources */ = {isa = PBXBuildFile; fileRef = 68BD97E127E132BF00EB83AC /* View.swift */; };
		68BD97E427E1347800EB83AC /* GifFactory.swift in Sources */ = {isa = PBXBuildFile; fileRef = 68BD97E327E1347800EB83AC /* GifFactory.swift */; };
		68BD97E627E179B600EB83AC /* Color.swift in Sources */ = {isa = PBXBuildFile; fileRef = 68BD97E527E179B600EB83AC /* Color.swift */; };
		68BD97E827E1AB5900EB83AC /* ViewController.swift in Sources */ = {isa = PBXBuildFile; fileRef = 68BD97E727E1AB5900EB83AC /* ViewController.swift */; };
		68BD97EA27E295A100EB83AC /* SplashViewController.swift in Sources */ = {isa = PBXBuildFile; fileRef = 68BD97E927E295A100EB83AC /* SplashViewController.swift */; };
		68C27A0F27E37DEF007F2350 /* Settings.bundle in Resources */ = {isa = PBXBuildFile; fileRef = 68C27A0E27E37DEF007F2350 /* Settings.bundle */; };
		68CF443F27E3A1D800C73E72 /* brycepoeter_marketing.pdf in Resources */ = {isa = PBXBuildFile; fileRef = 68CF443E27E3A1D800C73E72 /* brycepoeter_marketing.pdf */; };
		68CF444127E3A98600C73E72 /* brycepoeter_executive.pdf in Resources */ = {isa = PBXBuildFile; fileRef = 68CF444027E3A98600C73E72 /* brycepoeter_executive.pdf */; };
/* End PBXBuildFile section */

/* Begin PBXFileReference section */
		689E56E827D1739C00A44C2F /* GIFyourself.app */ = {isa = PBXFileReference; explicitFileType = wrapper.application; includeInIndex = 0; path = GIFyourself.app; sourceTree = BUILT_PRODUCTS_DIR; };
		689E56EB27D1739C00A44C2F /* AppDelegate.swift */ = {isa = PBXFileReference; lastKnownFileType = sourcecode.swift; path = AppDelegate.swift; sourceTree = "<group>"; };
		689E56ED27D1739C00A44C2F /* SceneDelegate.swift */ = {isa = PBXFileReference; lastKnownFileType = sourcecode.swift; path = SceneDelegate.swift; sourceTree = "<group>"; };
		689E56EF27D1739C00A44C2F /* ColorsViewController.swift */ = {isa = PBXFileReference; lastKnownFileType = sourcecode.swift; path = ColorsViewController.swift; sourceTree = "<group>"; };
		689E56F227D1739C00A44C2F /* Base */ = {isa = PBXFileReference; lastKnownFileType = file.storyboard; name = Base; path = Base.lproj/Main.storyboard; sourceTree = "<group>"; };
		689E56F427D1739E00A44C2F /* Assets.xcassets */ = {isa = PBXFileReference; lastKnownFileType = folder.assetcatalog; path = Assets.xcassets; sourceTree = "<group>"; };
		689E56F727D1739E00A44C2F /* Base */ = {isa = PBXFileReference; lastKnownFileType = file.storyboard; name = Base; path = Base.lproj/LaunchScreen.storyboard; sourceTree = "<group>"; };
		689E56F927D1739E00A44C2F /* Info.plist */ = {isa = PBXFileReference; lastKnownFileType = text.plist.xml; path = Info.plist; sourceTree = "<group>"; };
		689E570227D1DD0A00A44C2F /* Cell.swift */ = {isa = PBXFileReference; lastKnownFileType = sourcecode.swift; path = Cell.swift; sourceTree = "<group>"; };
		689E570627DA9A6300A44C2F /* TextInputViewController.swift */ = {isa = PBXFileReference; lastKnownFileType = sourcecode.swift; path = TextInputViewController.swift; sourceTree = "<group>"; };
		689E570827DA9E6E00A44C2F /* FontsViewController.swift */ = {isa = PBXFileReference; lastKnownFileType = sourcecode.swift; path = FontsViewController.swift; sourceTree = "<group>"; };
		689E570B27DAA79B00A44C2F /* Batuphat Script.otf */ = {isa = PBXFileReference; lastKnownFileType = file; path = "Batuphat Script.otf"; sourceTree = "<group>"; };
		689E570D27DAACEB00A44C2F /* TheNightWatch.ttf */ = {isa = PBXFileReference; lastKnownFileType = file; path = TheNightWatch.ttf; sourceTree = "<group>"; };
		689E570F27DAAE3100A44C2F /* Lettown Hills.otf */ = {isa = PBXFileReference; lastKnownFileType = file; path = "Lettown Hills.otf"; sourceTree = "<group>"; };
		689E571127DAAE3A00A44C2F /* Lettown Hills italic.otf */ = {isa = PBXFileReference; lastKnownFileType = file; path = "Lettown Hills italic.otf"; sourceTree = "<group>"; };
		689E571327DAAFB300A44C2F /* Misto.otf */ = {isa = PBXFileReference; lastKnownFileType = file; path = Misto.otf; sourceTree = "<group>"; };
		689E571527DAC37B00A44C2F /* Pikolo-BlockAltFree.otf */ = {isa = PBXFileReference; lastKnownFileType = file; path = "Pikolo-BlockAltFree.otf"; sourceTree = "<group>"; };
		689E571727DAC59500A44C2F /* Kelsi-Regular.otf */ = {isa = PBXFileReference; lastKnownFileType = file; path = "Kelsi-Regular.otf"; sourceTree = "<group>"; };
		689E571927DAC59F00A44C2F /* Kelsi-fill.otf */ = {isa = PBXFileReference; lastKnownFileType = file; path = "Kelsi-fill.otf"; sourceTree = "<group>"; };
		689E571B27DAC5E300A44C2F /* Quantum.otf */ = {isa = PBXFileReference; lastKnownFileType = file; path = Quantum.otf; sourceTree = "<group>"; };
		689E571D27DAC6A300A44C2F /* RedSky.otf */ = {isa = PBXFileReference; lastKnownFileType = file; path = RedSky.otf; sourceTree = "<group>"; };
		689E571F27DAC6AB00A44C2F /* RedSky Slanted.otf */ = {isa = PBXFileReference; lastKnownFileType = file; path = "RedSky Slanted.otf"; sourceTree = "<group>"; };
		689E572127DAC75500A44C2F /* Bulletto Killa.ttf */ = {isa = PBXFileReference; lastKnownFileType = file; path = "Bulletto Killa.ttf"; sourceTree = "<group>"; };
		689E572327DAC8DE00A44C2F /* Parisienne-Regular.ttf */ = {isa = PBXFileReference; lastKnownFileType = file; path = "Parisienne-Regular.ttf"; sourceTree = "<group>"; };
		689E572527DAC94100A44C2F /* PermanentMarker-Regular.ttf */ = {isa = PBXFileReference; lastKnownFileType = file; path = "PermanentMarker-Regular.ttf"; sourceTree = "<group>"; };
		689E572727DACA4400A44C2F /* Lobster-Regular.ttf */ = {isa = PBXFileReference; lastKnownFileType = file; path = "Lobster-Regular.ttf"; sourceTree = "<group>"; };
		689E572927DACA8D00A44C2F /* DancingScript-VariableFont_wght.ttf */ = {isa = PBXFileReference; lastKnownFileType = file; path = "DancingScript-VariableFont_wght.ttf"; sourceTree = "<group>"; };
		68BD97DF27E1210100EB83AC /* ColorFactory.swift */ = {isa = PBXFileReference; lastKnownFileType = sourcecode.swift; path = ColorFactory.swift; sourceTree = "<group>"; };
		68BD97E127E132BF00EB83AC /* View.swift */ = {isa = PBXFileReference; lastKnownFileType = sourcecode.swift; path = View.swift; sourceTree = "<group>"; };
		68BD97E327E1347800EB83AC /* GifFactory.swift */ = {isa = PBXFileReference; lastKnownFileType = sourcecode.swift; path = GifFactory.swift; sourceTree = "<group>"; };
		68BD97E527E179B600EB83AC /* Color.swift */ = {isa = PBXFileReference; lastKnownFileType = sourcecode.swift; path = Color.swift; sourceTree = "<group>"; };
		68BD97E727E1AB5900EB83AC /* ViewController.swift */ = {isa = PBXFileReference; lastKnownFileType = sourcecode.swift; path = ViewController.swift; sourceTree = "<group>"; };
		68BD97E927E295A100EB83AC /* SplashViewController.swift */ = {isa = PBXFileReference; lastKnownFileType = sourcecode.swift; path = SplashViewController.swift; sourceTree = "<group>"; };
		68C27A0E27E37DEF007F2350 /* Settings.bundle */ = {isa = PBXFileReference; lastKnownFileType = "wrapper.plug-in"; path = Settings.bundle; sourceTree = "<group>"; };
		68CF443E27E3A1D800C73E72 /* brycepoeter_marketing.pdf */ = {isa = PBXFileReference; lastKnownFileType = image.pdf; path = brycepoeter_marketing.pdf; sourceTree = "<group>"; };
		68CF444027E3A98600C73E72 /* brycepoeter_executive.pdf */ = {isa = PBXFileReference; lastKnownFileType = image.pdf; path = brycepoeter_executive.pdf; sourceTree = "<group>"; };
/* End PBXFileReference section */

/* Begin PBXFrameworksBuildPhase section */
		689E56E527D1739C00A44C2F /* Frameworks */ = {
			isa = PBXFrameworksBuildPhase;
			buildActionMask = 2147483647;
			files = (
			);
			runOnlyForDeploymentPostprocessing = 0;
		};
/* End PBXFrameworksBuildPhase section */

/* Begin PBXGroup section */
		689E56DF27D1739C00A44C2F = {
			isa = PBXGroup;
			children = (
				689E56EA27D1739C00A44C2F /* GIFyourself */,
				689E56E927D1739C00A44C2F /* Products */,
			);
			sourceTree = "<group>";
		};
		689E56E927D1739C00A44C2F /* Products */ = {
			isa = PBXGroup;
			children = (
				689E56E827D1739C00A44C2F /* GIFyourself.app */,
			);
			name = Products;
			sourceTree = "<group>";
		};
		689E56EA27D1739C00A44C2F /* GIFyourself */ = {
			isa = PBXGroup;
			children = (
				689E56EB27D1739C00A44C2F /* AppDelegate.swift */,
				68C27A0E27E37DEF007F2350 /* Settings.bundle */,
				689E56ED27D1739C00A44C2F /* SceneDelegate.swift */,
				689E56EF27D1739C00A44C2F /* ColorsViewController.swift */,
				68BD97E927E295A100EB83AC /* SplashViewController.swift */,
				68CF443B27E39D3B00C73E72 /* MarketingMaterials */,
				689E570827DA9E6E00A44C2F /* FontsViewController.swift */,
				689E570627DA9A6300A44C2F /* TextInputViewController.swift */,
				689E570127D1DCDA00A44C2F /* Models */,
				689E56F127D1739C00A44C2F /* Main.storyboard */,
				689E570A27DAA78300A44C2F /* Fonts */,
				689E56F427D1739E00A44C2F /* Assets.xcassets */,
				689E56F627D1739E00A44C2F /* LaunchScreen.storyboard */,
				689E56F927D1739E00A44C2F /* Info.plist */,
			);
			path = GIFyourself;
			sourceTree = "<group>";
		};
		689E570127D1DCDA00A44C2F /* Models */ = {
			isa = PBXGroup;
			children = (
				689E570227D1DD0A00A44C2F /* Cell.swift */,
				68BD97DF27E1210100EB83AC /* ColorFactory.swift */,
				68BD97E127E132BF00EB83AC /* View.swift */,
				68BD97E327E1347800EB83AC /* GifFactory.swift */,
				68BD97E527E179B600EB83AC /* Color.swift */,
				68BD97E727E1AB5900EB83AC /* ViewController.swift */,
			);
			path = Models;
			sourceTree = "<group>";
		};
		689E570A27DAA78300A44C2F /* Fonts */ = {
			isa = PBXGroup;
			children = (
				689E572927DACA8D00A44C2F /* DancingScript-VariableFont_wght.ttf */,
				689E572727DACA4400A44C2F /* Lobster-Regular.ttf */,
				689E571B27DAC5E300A44C2F /* Quantum.otf */,
				689E571527DAC37B00A44C2F /* Pikolo-BlockAltFree.otf */,
				689E571327DAAFB300A44C2F /* Misto.otf */,
				689E572527DAC94100A44C2F /* PermanentMarker-Regular.ttf */,
				689E571727DAC59500A44C2F /* Kelsi-Regular.otf */,
				689E572327DAC8DE00A44C2F /* Parisienne-Regular.ttf */,
				689E570F27DAAE3100A44C2F /* Lettown Hills.otf */,
				689E572127DAC75500A44C2F /* Bulletto Killa.ttf */,
				689E571927DAC59F00A44C2F /* Kelsi-fill.otf */,
				689E571127DAAE3A00A44C2F /* Lettown Hills italic.otf */,
				689E571F27DAC6AB00A44C2F /* RedSky Slanted.otf */,
				689E571D27DAC6A300A44C2F /* RedSky.otf */,
				689E570D27DAACEB00A44C2F /* TheNightWatch.ttf */,
				689E570B27DAA79B00A44C2F /* Batuphat Script.otf */,
			);
			path = Fonts;
			sourceTree = "<group>";
		};
		68CF443B27E39D3B00C73E72 /* MarketingMaterials */ = {
			isa = PBXGroup;
			children = (
				68CF444027E3A98600C73E72 /* brycepoeter_executive.pdf */,
				68CF443E27E3A1D800C73E72 /* brycepoeter_marketing.pdf */,
			);
			path = MarketingMaterials;
			sourceTree = "<group>";
		};
/* End PBXGroup section */

/* Begin PBXNativeTarget section */
		689E56E727D1739C00A44C2F /* GIFyourself */ = {
			isa = PBXNativeTarget;
			buildConfigurationList = 689E56FC27D1739E00A44C2F /* Build configuration list for PBXNativeTarget "GIFyourself" */;
			buildPhases = (
				689E56E427D1739C00A44C2F /* Sources */,
				689E56E527D1739C00A44C2F /* Frameworks */,
				689E56E627D1739C00A44C2F /* Resources */,
			);
			buildRules = (
			);
			dependencies = (
			);
			name = GIFyourself;
			productName = GIFyourself;
			productReference = 689E56E827D1739C00A44C2F /* GIFyourself.app */;
			productType = "com.apple.product-type.application";
		};
/* End PBXNativeTarget section */

/* Begin PBXProject section */
		689E56E027D1739C00A44C2F /* Project object */ = {
			isa = PBXProject;
			attributes = {
				BuildIndependentTargetsInParallel = 1;
				LastSwiftUpdateCheck = 1320;
				LastUpgradeCheck = 1320;
				TargetAttributes = {
					689E56E727D1739C00A44C2F = {
						CreatedOnToolsVersion = 13.2.1;
					};
				};
			};
			buildConfigurationList = 689E56E327D1739C00A44C2F /* Build configuration list for PBXProject "GIFyourself" */;
			compatibilityVersion = "Xcode 13.0";
			developmentRegion = en;
			hasScannedForEncodings = 0;
			knownRegions = (
				en,
				Base,
			);
			mainGroup = 689E56DF27D1739C00A44C2F;
			productRefGroup = 689E56E927D1739C00A44C2F /* Products */;
			projectDirPath = "";
			projectRoot = "";
			targets = (
				689E56E727D1739C00A44C2F /* GIFyourself */,
			);
		};
/* End PBXProject section */

/* Begin PBXResourcesBuildPhase section */
		689E56E627D1739C00A44C2F /* Resources */ = {
			isa = PBXResourcesBuildPhase;
			buildActionMask = 2147483647;
			files = (
				689E570E27DAACEB00A44C2F /* TheNightWatch.ttf in Resources */,
				689E570C27DAAC4100A44C2F /* Batuphat Script.otf in Resources */,
				689E572A27DACA8D00A44C2F /* DancingScript-VariableFont_wght.ttf in Resources */,
				689E56F827D1739E00A44C2F /* LaunchScreen.storyboard in Resources */,
				689E571827DAC59500A44C2F /* Kelsi-Regular.otf in Resources */,
				689E571027DAAE3100A44C2F /* Lettown Hills.otf in Resources */,
				689E572227DAC75500A44C2F /* Bulletto Killa.ttf in Resources */,
				689E571627DAC37B00A44C2F /* Pikolo-BlockAltFree.otf in Resources */,
				68CF443F27E3A1D800C73E72 /* brycepoeter_marketing.pdf in Resources */,
				689E572827DACA4400A44C2F /* Lobster-Regular.ttf in Resources */,
				689E571A27DAC59F00A44C2F /* Kelsi-fill.otf in Resources */,
				689E571E27DAC6A300A44C2F /* RedSky.otf in Resources */,
				689E572027DAC6AB00A44C2F /* RedSky Slanted.otf in Resources */,
				68C27A0F27E37DEF007F2350 /* Settings.bundle in Resources */,
				689E571427DAAFB300A44C2F /* Misto.otf in Resources */,
				689E56F527D1739E00A44C2F /* Assets.xcassets in Resources */,
				68CF444127E3A98600C73E72 /* brycepoeter_executive.pdf in Resources */,
				689E571C27DAC5E300A44C2F /* Quantum.otf in Resources */,
				689E56F327D1739C00A44C2F /* Main.storyboard in Resources */,
				689E571227DAAE3A00A44C2F /* Lettown Hills italic.otf in Resources */,
				689E572627DAC94100A44C2F /* PermanentMarker-Regular.ttf in Resources */,
				689E572427DAC8DE00A44C2F /* Parisienne-Regular.ttf in Resources */,
			);
			runOnlyForDeploymentPostprocessing = 0;
		};
/* End PBXResourcesBuildPhase section */

/* Begin PBXSourcesBuildPhase section */
		689E56E427D1739C00A44C2F /* Sources */ = {
			isa = PBXSourcesBuildPhase;
			buildActionMask = 2147483647;
			files = (
				689E56F027D1739C00A44C2F /* ColorsViewController.swift in Sources */,
				689E570927DA9E6E00A44C2F /* FontsViewController.swift in Sources */,
				68BD97E627E179B600EB83AC /* Color.swift in Sources */,
				689E570327D1DD0A00A44C2F /* Cell.swift in Sources */,
				68BD97E027E1210100EB83AC /* ColorFactory.swift in Sources */,
				68BD97EA27E295A100EB83AC /* SplashViewController.swift in Sources */,
				68BD97E827E1AB5900EB83AC /* ViewController.swift in Sources */,
				68BD97E427E1347800EB83AC /* GifFactory.swift in Sources */,
				68BD97E227E132BF00EB83AC /* View.swift in Sources */,
				689E56EC27D1739C00A44C2F /* AppDelegate.swift in Sources */,
				689E56EE27D1739C00A44C2F /* SceneDelegate.swift in Sources */,
				689E570727DA9A6300A44C2F /* TextInputViewController.swift in Sources */,
			);
			runOnlyForDeploymentPostprocessing = 0;
		};
/* End PBXSourcesBuildPhase section */

/* Begin PBXVariantGroup section */
		689E56F127D1739C00A44C2F /* Main.storyboard */ = {
			isa = PBXVariantGroup;
			children = (
				689E56F227D1739C00A44C2F /* Base */,
			);
			name = Main.storyboard;
			sourceTree = "<group>";
		};
		689E56F627D1739E00A44C2F /* LaunchScreen.storyboard */ = {
			isa = PBXVariantGroup;
			children = (
				689E56F727D1739E00A44C2F /* Base */,
			);
			name = LaunchScreen.storyboard;
			sourceTree = "<group>";
		};
/* End PBXVariantGroup section */

/* Begin XCBuildConfiguration section */
		689E56FA27D1739E00A44C2F /* Debug */ = {
			isa = XCBuildConfiguration;
			buildSettings = {
				ALWAYS_SEARCH_USER_PATHS = NO;
				CLANG_ANALYZER_NONNULL = YES;
				CLANG_ANALYZER_NUMBER_OBJECT_CONVERSION = YES_AGGRESSIVE;
				CLANG_CXX_LANGUAGE_STANDARD = "gnu++17";
				CLANG_CXX_LIBRARY = "libc++";
				CLANG_ENABLE_MODULES = YES;
				CLANG_ENABLE_OBJC_ARC = YES;
				CLANG_ENABLE_OBJC_WEAK = YES;
				CLANG_WARN_BLOCK_CAPTURE_AUTORELEASING = YES;
				CLANG_WARN_BOOL_CONVERSION = YES;
				CLANG_WARN_COMMA = YES;
				CLANG_WARN_CONSTANT_CONVERSION = YES;
				CLANG_WARN_DEPRECATED_OBJC_IMPLEMENTATIONS = YES;
				CLANG_WARN_DIRECT_OBJC_ISA_USAGE = YES_ERROR;
				CLANG_WARN_DOCUMENTATION_COMMENTS = YES;
				CLANG_WARN_EMPTY_BODY = YES;
				CLANG_WARN_ENUM_CONVERSION = YES;
				CLANG_WARN_INFINITE_RECURSION = YES;
				CLANG_WARN_INT_CONVERSION = YES;
				CLANG_WARN_NON_LITERAL_NULL_CONVERSION = YES;
				CLANG_WARN_OBJC_IMPLICIT_RETAIN_SELF = YES;
				CLANG_WARN_OBJC_LITERAL_CONVERSION = YES;
				CLANG_WARN_OBJC_ROOT_CLASS = YES_ERROR;
				CLANG_WARN_QUOTED_INCLUDE_IN_FRAMEWORK_HEADER = YES;
				CLANG_WARN_RANGE_LOOP_ANALYSIS = YES;
				CLANG_WARN_STRICT_PROTOTYPES = YES;
				CLANG_WARN_SUSPICIOUS_MOVE = YES;
				CLANG_WARN_UNGUARDED_AVAILABILITY = YES_AGGRESSIVE;
				CLANG_WARN_UNREACHABLE_CODE = YES;
				CLANG_WARN__DUPLICATE_METHOD_MATCH = YES;
				COPY_PHASE_STRIP = NO;
				DEBUG_INFORMATION_FORMAT = dwarf;
				ENABLE_STRICT_OBJC_MSGSEND = YES;
				ENABLE_TESTABILITY = YES;
				GCC_C_LANGUAGE_STANDARD = gnu11;
				GCC_DYNAMIC_NO_PIC = NO;
				GCC_NO_COMMON_BLOCKS = YES;
				GCC_OPTIMIZATION_LEVEL = 0;
				GCC_PREPROCESSOR_DEFINITIONS = (
					"DEBUG=1",
					"$(inherited)",
				);
				GCC_WARN_64_TO_32_BIT_CONVERSION = YES;
				GCC_WARN_ABOUT_RETURN_TYPE = YES_ERROR;
				GCC_WARN_UNDECLARED_SELECTOR = YES;
				GCC_WARN_UNINITIALIZED_AUTOS = YES_AGGRESSIVE;
				GCC_WARN_UNUSED_FUNCTION = YES;
				GCC_WARN_UNUSED_VARIABLE = YES;
				IPHONEOS_DEPLOYMENT_TARGET = 15.2;
				MTL_ENABLE_DEBUG_INFO = INCLUDE_SOURCE;
				MTL_FAST_MATH = YES;
				ONLY_ACTIVE_ARCH = YES;
				SDKROOT = iphoneos;
				SWIFT_ACTIVE_COMPILATION_CONDITIONS = DEBUG;
				SWIFT_OPTIMIZATION_LEVEL = "-Onone";
			};
			name = Debug;
		};
		689E56FB27D1739E00A44C2F /* Release */ = {
			isa = XCBuildConfiguration;
			buildSettings = {
				ALWAYS_SEARCH_USER_PATHS = NO;
				CLANG_ANALYZER_NONNULL = YES;
				CLANG_ANALYZER_NUMBER_OBJECT_CONVERSION = YES_AGGRESSIVE;
				CLANG_CXX_LANGUAGE_STANDARD = "gnu++17";
				CLANG_CXX_LIBRARY = "libc++";
				CLANG_ENABLE_MODULES = YES;
				CLANG_ENABLE_OBJC_ARC = YES;
				CLANG_ENABLE_OBJC_WEAK = YES;
				CLANG_WARN_BLOCK_CAPTURE_AUTORELEASING = YES;
				CLANG_WARN_BOOL_CONVERSION = YES;
				CLANG_WARN_COMMA = YES;
				CLANG_WARN_CONSTANT_CONVERSION = YES;
				CLANG_WARN_DEPRECATED_OBJC_IMPLEMENTATIONS = YES;
				CLANG_WARN_DIRECT_OBJC_ISA_USAGE = YES_ERROR;
				CLANG_WARN_DOCUMENTATION_COMMENTS = YES;
				CLANG_WARN_EMPTY_BODY = YES;
				CLANG_WARN_ENUM_CONVERSION = YES;
				CLANG_WARN_INFINITE_RECURSION = YES;
				CLANG_WARN_INT_CONVERSION = YES;
				CLANG_WARN_NON_LITERAL_NULL_CONVERSION = YES;
				CLANG_WARN_OBJC_IMPLICIT_RETAIN_SELF = YES;
				CLANG_WARN_OBJC_LITERAL_CONVERSION = YES;
				CLANG_WARN_OBJC_ROOT_CLASS = YES_ERROR;
				CLANG_WARN_QUOTED_INCLUDE_IN_FRAMEWORK_HEADER = YES;
				CLANG_WARN_RANGE_LOOP_ANALYSIS = YES;
				CLANG_WARN_STRICT_PROTOTYPES = YES;
				CLANG_WARN_SUSPICIOUS_MOVE = YES;
				CLANG_WARN_UNGUARDED_AVAILABILITY = YES_AGGRESSIVE;
				CLANG_WARN_UNREACHABLE_CODE = YES;
				CLANG_WARN__DUPLICATE_METHOD_MATCH = YES;
				COPY_PHASE_STRIP = NO;
				DEBUG_INFORMATION_FORMAT = "dwarf-with-dsym";
				ENABLE_NS_ASSERTIONS = NO;
				ENABLE_STRICT_OBJC_MSGSEND = YES;
				GCC_C_LANGUAGE_STANDARD = gnu11;
				GCC_NO_COMMON_BLOCKS = YES;
				GCC_WARN_64_TO_32_BIT_CONVERSION = YES;
				GCC_WARN_ABOUT_RETURN_TYPE = YES_ERROR;
				GCC_WARN_UNDECLARED_SELECTOR = YES;
				GCC_WARN_UNINITIALIZED_AUTOS = YES_AGGRESSIVE;
				GCC_WARN_UNUSED_FUNCTION = YES;
				GCC_WARN_UNUSED_VARIABLE = YES;
				IPHONEOS_DEPLOYMENT_TARGET = 15.2;
				MTL_ENABLE_DEBUG_INFO = NO;
				MTL_FAST_MATH = YES;
				SDKROOT = iphoneos;
				SWIFT_COMPILATION_MODE = wholemodule;
				SWIFT_OPTIMIZATION_LEVEL = "-O";
				VALIDATE_PRODUCT = YES;
			};
			name = Release;
		};
		689E56FD27D1739E00A44C2F /* Debug */ = {
			isa = XCBuildConfiguration;
			buildSettings = {
				ASSETCATALOG_COMPILER_APPICON_NAME = AppIcon;
				ASSETCATALOG_COMPILER_GLOBAL_ACCENT_COLOR_NAME = AccentColor;
				CODE_SIGN_STYLE = Automatic;
				CURRENT_PROJECT_VERSION = 1;
				DEVELOPMENT_TEAM = Y5S384WA2Y;
				GENERATE_INFOPLIST_FILE = YES;
				INFOPLIST_FILE = GIFyourself/Info.plist;
				INFOPLIST_KEY_UIApplicationSupportsIndirectInputEvents = YES;
				INFOPLIST_KEY_UILaunchStoryboardName = LaunchScreen;
				INFOPLIST_KEY_UIMainStoryboardFile = Main;
				INFOPLIST_KEY_UISupportedInterfaceOrientations = UIInterfaceOrientationPortrait;
				INFOPLIST_KEY_UISupportedInterfaceOrientations_iPad = "UIInterfaceOrientationPortrait UIInterfaceOrientationPortraitUpsideDown UIInterfaceOrientationLandscapeLeft UIInterfaceOrientationLandscapeRight";
				INFOPLIST_KEY_UISupportedInterfaceOrientations_iPhone = "UIInterfaceOrientationPortrait UIInterfaceOrientationLandscapeLeft UIInterfaceOrientationLandscapeRight";
				LD_RUNPATH_SEARCH_PATHS = (
					"$(inherited)",
					"@executable_path/Frameworks",
				);
				MARKETING_VERSION = 1.0;
				PRODUCT_BUNDLE_IDENTIFIER = "bryce-personal.GIFYourself";
				PRODUCT_NAME = $TARGET_NAME;
				SWIFT_EMIT_LOC_STRINGS = YES;
				SWIFT_VERSION = 5.0;
				TARGETED_DEVICE_FAMILY = 1;
			};
			name = Debug;
		};
		689E56FE27D1739E00A44C2F /* Release */ = {
			isa = XCBuildConfiguration;
			buildSettings = {
				ASSETCATALOG_COMPILER_APPICON_NAME = AppIcon;
				ASSETCATALOG_COMPILER_GLOBAL_ACCENT_COLOR_NAME = AccentColor;
				CODE_SIGN_STYLE = Automatic;
				CURRENT_PROJECT_VERSION = 1;
				DEVELOPMENT_TEAM = Y5S384WA2Y;
				GENERATE_INFOPLIST_FILE = YES;
				INFOPLIST_FILE = GIFyourself/Info.plist;
				INFOPLIST_KEY_UIApplicationSupportsIndirectInputEvents = YES;
				INFOPLIST_KEY_UILaunchStoryboardName = LaunchScreen;
				INFOPLIST_KEY_UIMainStoryboardFile = Main;
				INFOPLIST_KEY_UISupportedInterfaceOrientations = UIInterfaceOrientationPortrait;
				INFOPLIST_KEY_UISupportedInterfaceOrientations_iPad = "UIInterfaceOrientationPortrait UIInterfaceOrientationPortraitUpsideDown UIInterfaceOrientationLandscapeLeft UIInterfaceOrientationLandscapeRight";
				INFOPLIST_KEY_UISupportedInterfaceOrientations_iPhone = "UIInterfaceOrientationPortrait UIInterfaceOrientationLandscapeLeft UIInterfaceOrientationLandscapeRight";
				LD_RUNPATH_SEARCH_PATHS = (
					"$(inherited)",
					"@executable_path/Frameworks",
				);
				MARKETING_VERSION = 1.0;
				PRODUCT_BUNDLE_IDENTIFIER = "bryce-personal.GIFYourself";
				PRODUCT_NAME = $TARGET_NAME;
				SWIFT_EMIT_LOC_STRINGS = YES;
				SWIFT_VERSION = 5.0;
				TARGETED_DEVICE_FAMILY = 1;
			};
			name = Release;
		};
/* End XCBuildConfiguration section */

/* Begin XCConfigurationList section */
		689E56E327D1739C00A44C2F /* Build configuration list for PBXProject "GIFyourself" */ = {
			isa = XCConfigurationList;
			buildConfigurations = (
				689E56FA27D1739E00A44C2F /* Debug */,
				689E56FB27D1739E00A44C2F /* Release */,
			);
			defaultConfigurationIsVisible = 0;
			defaultConfigurationName = Release;
		};
		689E56FC27D1739E00A44C2F /* Build configuration list for PBXNativeTarget "GIFyourself" */ = {
			isa = XCConfigurationList;
			buildConfigurations = (
				689E56FD27D1739E00A44C2F /* Debug */,
				689E56FE27D1739E00A44C2F /* Release */,
			);
			defaultConfigurationIsVisible = 0;
			defaultConfigurationName = Release;
		};
/* End XCConfigurationList section */
	};
	rootObject = 689E56E027D1739C00A44C2F /* Project object */;
}
